
Microsoft Visual Studio Solution File, Format Version 12.00
# Visual Studio Version 16
VisualStudioVersion = 16.0.30114.105
MinimumVisualStudioVersion = 10.0.40219.1
Project("{FAE04EC0-301F-11D3-BF4B-00C04F79EFBC}") = "TyrannoDecoder", "TyrannoDecoder\TyrannoDecoder.csproj", "{AE286472-D01C-43BA-8C22-5E823A2B2EA0}"
EndProject
Project("{FAE04EC0-301F-11D3-BF4B-00C04F79EFBC}") = "TyrannoDecoderAnsi", "TyrannoDecoderAnsi\TyrannoDecoderAnsi.csproj", "{C112540E-5497-4A90-AFA9-33D808835A49}"
EndProject
Global
	GlobalSection(SolutionConfigurationPlatforms) = preSolution
		Debug|Any CPU = Debug|Any CPU
		Release|Any CPU = Release|Any CPU
	EndGlobalSection
	GlobalSection(ProjectConfigurationPlatforms) = postSolution
		{AE286472-D01C-43BA-8C22-5E823A2B2EA0}.Debug|Any CPU.ActiveCfg = Debug|Any CPU
		{AE286472-D01C-43BA-8C22-5E823A2B2EA0}.Debug|Any CPU.Build.0 = Debug|Any CPU
		{AE286472-D01C-43BA-8C22-5E823A2B2EA0}.Release|Any CPU.ActiveCfg = Release|Any CPU
		{AE286472-D01C-43BA-8C22-5E823A2B2EA0}.Release|Any CPU.Build.0 = Release|Any CPU
		{C112540E-5497-4A90-AFA9-33D808835A49}.Debug|Any CPU.ActiveCfg = Debug|Any CPU
		{C112540E-5497-4A90-AFA9-33D808835A49}.Debug|Any CPU.Build.0 = Debug|Any CPU
		{C112540E-5497-4A90-AFA9-33D808835A49}.Release|Any CPU.ActiveCfg = Release|Any CPU
		{C112540E-5497-4A90-AFA9-33D808835A49}.Release|Any CPU.Build.0 = Release|Any CPU
	EndGlobalSection
	GlobalSection(SolutionProperties) = preSolution
		HideSolutionNode = FALSE
	EndGlobalSection
	GlobalSection(ExtensibilityGlobals) = postSolution
		SolutionGuid = {C6BE4848-972B-4961-8DE2-E9B52BEE0036}
	EndGlobalSection
EndGlobal
